
Microsoft Visual Studio Solution File, Format Version 11.00
# Visual C# Express 2010
Project("{FAE04EC0-301F-11D3-BF4B-00C04F79EFBC}") = "FarmServer", "FarmServer\FarmServer.csproj", "{3A6A0059-E187-4F3F-8416-52FD10174964}"
EndProject
Global
	GlobalSection(SolutionConfigurationPlatforms) = preSolution
		Debug|x86 = Debug|x86
		Release|x86 = Release|x86
	EndGlobalSection
	GlobalSection(ProjectConfigurationPlatforms) = postSolution
		{3A6A0059-E187-4F3F-8416-52FD10174964}.Debug|x86.ActiveCfg = Debug|x86
		{3A6A0059-E187-4F3F-8416-52FD10174964}.Debug|x86.Build.0 = Debug|x86
		{3A6A0059-E187-4F3F-8416-52FD10174964}.Release|x86.ActiveCfg = Release|x86
		{3A6A0059-E187-4F3F-8416-52FD10174964}.Release|x86.Build.0 = Release|x86
	EndGlobalSection
	GlobalSection(SolutionProperties) = preSolution
		HideSolutionNode = FALSE
	EndGlobalSection
EndGlobal
